
Microsoft Visual Studio Solution File, Format Version 12.00
# Visual Studio Version 17
VisualStudioVersion = 17.10.35004.147
MinimumVisualStudioVersion = 10.0.40219.1
Project("{FAE04EC0-301F-11D3-BF4B-00C04F79EFBC}") = "MUSCLEMAN_MUSCQLER", "MUSCLEMAN_MUSCQLER\MUSCLEMAN_MUSCQLER.csproj", "{82A49B35-4E30-4584-9DC4-8F3198BD000F}"
EndProject
Global
	GlobalSection(SolutionConfigurationPlatforms) = preSolution
		Debug|Any CPU = Debug|Any CPU
		Release|Any CPU = Release|Any CPU
	EndGlobalSection
	GlobalSection(ProjectConfigurationPlatforms) = postSolution
		{82A49B35-4E30-4584-9DC4-8F3198BD000F}.Debug|Any CPU.ActiveCfg = Debug|Any CPU
		{82A49B35-4E30-4584-9DC4-8F3198BD000F}.Debug|Any CPU.Build.0 = Debug|Any CPU
		{82A49B35-4E30-4584-9DC4-8F3198BD000F}.Release|Any CPU.ActiveCfg = Release|Any CPU
		{82A49B35-4E30-4584-9DC4-8F3198BD000F}.Release|Any CPU.Build.0 = Release|Any CPU
	EndGlobalSection
	GlobalSection(SolutionProperties) = preSolution
		HideSolutionNode = FALSE
	EndGlobalSection
	GlobalSection(ExtensibilityGlobals) = postSolution
		SolutionGuid = {80AA22D9-FFAC-432D-9B54-5F69FE1AE0A2}
	EndGlobalSection
EndGlobal
